
Microsoft Visual Studio Solution File, Format Version 12.00
# Visual Studio Version 16
VisualStudioVersion = 16.0.29306.81
MinimumVisualStudioVersion = 10.0.40219.1
Project("{2150E333-8FDC-42A3-9474-1A3956D46DE8}") = "00-Assemblies", "00-Assemblies", "{E56EC8FA-584A-45D9-B8B7-941611CCCE40}"
	ProjectSection(SolutionItems) = preProject
		Tempalte.Core.Api.Assemblies\Log4Net.Helper.Logging.Core.dll = Tempalte.Core.Api.Assemblies\Log4Net.Helper.Logging.Core.dll
	EndProjectSection
EndProject
Project("{2150E333-8FDC-42A3-9474-1A3956D46DE8}") = "00-Models", "00-Models", "{04B4E5D9-ECE8-4886-B0C5-1925A9738187}"
EndProject
Project("{2150E333-8FDC-42A3-9474-1A3956D46DE8}") = "00-Entities", "00-Entities", "{391D9799-2376-4B12-8D0B-CDEDE1361D0E}"
EndProject
Project("{2150E333-8FDC-42A3-9474-1A3956D46DE8}") = "01-Services", "01-Services", "{18F82992-AD77-4597-B070-432EF9EA18C0}"
EndProject
Project("{2150E333-8FDC-42A3-9474-1A3956D46DE8}") = "01-Data", "01-Data", "{76B61712-4C8F-4DAD-8050-8D5EF2A6FEF5}"
EndProject
Project("{2150E333-8FDC-42A3-9474-1A3956D46DE8}") = "02-Business", "02-Business", "{57FF6482-0EAF-4046-A0A2-6A68A2D54411}"
EndProject
Project("{2150E333-8FDC-42A3-9474-1A3956D46DE8}") = "03-Tests", "03-Tests", "{C984D17A-35CE-4627-9739-EAB76DA2AC1D}"
EndProject
Project("{2150E333-8FDC-42A3-9474-1A3956D46DE8}") = "03-Api", "03-Api", "{237E6FA6-A5BE-4FF7-BBD4-0E4602C30082}"
EndProject
Project("{9A19103F-16F7-4668-BE54-9A1E7A4F7556}") = "Template.Core.Api.Dto", "Template.Core.Api.Dto\Template.Core.Api.Dto.csproj", "{2EFB3043-FA22-4068-8771-4FE35C06B52A}"
EndProject
Project("{9A19103F-16F7-4668-BE54-9A1E7A4F7556}") = "Template.Core.Api.Api", "Template.Core.Api.Api\Template.Core.Api.Api.csproj", "{A3064F24-E90E-42BB-8AC0-5892339609B0}"
EndProject
Project("{FAE04EC0-301F-11D3-BF4B-00C04F79EFBC}") = "Template.Core.Api.Bll", "Template.Core.Api.Bll\Template.Core.Api.Bll.csproj", "{61C808C5-B10E-45DE-B0EF-82F467208119}"
EndProject
Global
	GlobalSection(SolutionConfigurationPlatforms) = preSolution
		Debug|Any CPU = Debug|Any CPU
		Release|Any CPU = Release|Any CPU
	EndGlobalSection
	GlobalSection(ProjectConfigurationPlatforms) = postSolution
		{2EFB3043-FA22-4068-8771-4FE35C06B52A}.Debug|Any CPU.ActiveCfg = Debug|Any CPU
		{2EFB3043-FA22-4068-8771-4FE35C06B52A}.Debug|Any CPU.Build.0 = Debug|Any CPU
		{2EFB3043-FA22-4068-8771-4FE35C06B52A}.Release|Any CPU.ActiveCfg = Release|Any CPU
		{2EFB3043-FA22-4068-8771-4FE35C06B52A}.Release|Any CPU.Build.0 = Release|Any CPU
		{A3064F24-E90E-42BB-8AC0-5892339609B0}.Debug|Any CPU.ActiveCfg = Debug|Any CPU
		{A3064F24-E90E-42BB-8AC0-5892339609B0}.Debug|Any CPU.Build.0 = Debug|Any CPU
		{A3064F24-E90E-42BB-8AC0-5892339609B0}.Release|Any CPU.ActiveCfg = Release|Any CPU
		{A3064F24-E90E-42BB-8AC0-5892339609B0}.Release|Any CPU.Build.0 = Release|Any CPU
		{61C808C5-B10E-45DE-B0EF-82F467208119}.Debug|Any CPU.ActiveCfg = Debug|Any CPU
		{61C808C5-B10E-45DE-B0EF-82F467208119}.Debug|Any CPU.Build.0 = Debug|Any CPU
		{61C808C5-B10E-45DE-B0EF-82F467208119}.Release|Any CPU.ActiveCfg = Release|Any CPU
		{61C808C5-B10E-45DE-B0EF-82F467208119}.Release|Any CPU.Build.0 = Release|Any CPU
	EndGlobalSection
	GlobalSection(SolutionProperties) = preSolution
		HideSolutionNode = FALSE
	EndGlobalSection
	GlobalSection(NestedProjects) = preSolution
		{2EFB3043-FA22-4068-8771-4FE35C06B52A} = {04B4E5D9-ECE8-4886-B0C5-1925A9738187}
		{A3064F24-E90E-42BB-8AC0-5892339609B0} = {237E6FA6-A5BE-4FF7-BBD4-0E4602C30082}
		{61C808C5-B10E-45DE-B0EF-82F467208119} = {57FF6482-0EAF-4046-A0A2-6A68A2D54411}
	EndGlobalSection
	GlobalSection(ExtensibilityGlobals) = postSolution
		SolutionGuid = {88DE15E9-E641-483B-8A66-204851E501B2}
	EndGlobalSection
EndGlobal
